lockfileVersion: '6.0'

settings:
  autoInstallPeers: true
  excludeLinksFromLockfile: false

importers:

  .: {}

  blocks/typescript_lib_201ef8:
    dependencies:
      '@napi-rs/image':
        specifier: ^1.9.2
        version: 1.9.2

  blocks/typescript_lib_d24176: {}

packages:

  /@emnapi/core@1.1.1:
    resolution: {integrity: sha512-eu4KjHfXg3I+UUR7vSuwZXpRo4c8h4Rtb5Lu2F7Z4JqJFl/eidquONEBiRs6viXKpWBC3BaJBy68xGJ2j56idw==}
    requiresBuild: true
    dependencies:
      tslib: 2.6.2
    dev: false
    optional: true

  /@emnapi/runtime@1.1.1:
    resolution: {integrity: sha512-3bfqkzuR1KLx57nZfjr2NLnFOobvyS0aTszaEGCGqmYMVDRaGvgIZbjGSV/MHSSmLgQ/b9JFHQ5xm5WRZYd+XQ==}
    requiresBuild: true
    dependencies:
      tslib: 2.6.2
    dev: false
    optional: true

  /@napi-rs/image-android-arm64@1.9.2:
    resolution: {integrity: sha512-DQNI06ukKqpF4eogz9zyxfU+GYp11TfDqSNWKmk/IRU2oiB0DEgskuj7ZzaKMPJWFRZjI86V233UrrNRh76h2Q==}
    engines: {node: '>= 10'}
    cpu: [arm64]
    os: [android]
    requiresBuild: true
    dev: false
    optional: true

  /@napi-rs/image-darwin-arm64@1.9.2:
    resolution: {integrity: sha512-w+0X87sORbC2uDpH7NAdELOnvzhu3dB19h2oMaD+YIv/+CVXV5eK2PS3zkRgMLCinVtFOZFZK3dFbHU3kncCRw==}
    engines: {node: '>= 10'}
    cpu: [arm64]
    os: [darwin]
    requiresBuild: true
    dev: false
    optional: true

  /@napi-rs/image-darwin-x64@1.9.2:
    resolution: {integrity: sha512-8SnFDcgUSoL6Y38lstXi5FYECD1f4dJqQe2UCTwciED8gZnpC8Pju7JYJWcYgHHXn1JnKP9T1lPlSaX+L56EgA==}
    engines: {node: '>= 10'}
    cpu: [x64]
    os: [darwin]
    requiresBuild: true
    dev: false
    optional: true

  /@napi-rs/image-freebsd-x64@1.9.2:
    resolution: {integrity: sha512-oS0+iSb8AekjaHgTZdARKceqTPxSokByLzNQ9vGf2lZlTwlRFmXGq4XYutyzqzRuLT3BATLwtGMXiguMEYMuUw==}
    engines: {node: '>= 10'}
    cpu: [x64]
    os: [freebsd]
    requiresBuild: true
    dev: false
    optional: true

  /@napi-rs/image-linux-arm-gnueabihf@1.9.2:
    resolution: {integrity: sha512-bsbZSvw3wa7yaLVvz4M5VhJaB9LmgjAL3W7rnmXaX5BgpaQImNDm9MrxPG8ennr9Pbn6qDtCSioOz53ZgWUtgg==}
    engines: {node: '>= 10'}
    cpu: [arm]
    os: [linux]
    requiresBuild: true
    dev: false
    optional: true

  /@napi-rs/image-linux-arm64-gnu@1.9.2:
    resolution: {integrity: sha512-tiN9RMwEIcA8TodvmxdeJqsRdUGKAmxQ2aa0FkYjshdkmChG/sqUtUoL9LdmDf1tw1IACrSuT2Wj4LevxBdIJA==}
    engines: {node: '>= 10'}
    cpu: [arm64]
    os: [linux]
    requiresBuild: true
    dev: false
    optional: true

  /@napi-rs/image-linux-arm64-musl@1.9.2:
    resolution: {integrity: sha512-w6Sx1j9PtqO2bP3Jl6nuMryzxA3zsoc1U8u1H7AZketyhxXIxqVm0oGomZGs5Bgshzau45bcWinp6GWrlSwt6A==}
    engines: {node: '>= 10'}
    cpu: [arm64]
    os: [linux]
    requiresBuild: true
    dev: false
    optional: true

  /@napi-rs/image-linux-x64-gnu@1.9.2:
    resolution: {integrity: sha512-yB/s9wNB/9YHpQ4TwN8NWMA1tEK1gPLQwtysa68yMdHczb+7BTCKCIYIHD9rUulyT1Q/VgLIJCUMoxve0pIoeg==}
    engines: {node: '>= 10'}
    cpu: [x64]
    os: [linux]
    requiresBuild: true
    dev: false
    optional: true

  /@napi-rs/image-linux-x64-musl@1.9.2:
    resolution: {integrity: sha512-x9dRlo27xYXonh+gZZTqQL4lAfi/lhi8K8LE2hczbZffqmXvWU7NuHSgPVVeU/nvcMMqw1Cjzn81h7ny44SLbQ==}
    engines: {node: '>= 10'}
    cpu: [x64]
    os: [linux]
    requiresBuild: true
    dev: false
    optional: true

  /@napi-rs/image-wasm32-wasi@1.9.2:
    resolution: {integrity: sha512-BeA1wzzIG4+tdAwXWaAjObBOC6SzIbq0IhykSQ1xCGvYwd8stsn7ktPRz5b55PDo+Doj65PCT4H/xUgFcSiLCw==}
    engines: {node: '>=14.0.0'}
    cpu: [wasm32]
    requiresBuild: true
    dependencies:
      '@napi-rs/wasm-runtime': 0.2.3
    dev: false
    optional: true

  /@napi-rs/image-win32-ia32-msvc@1.9.2:
    resolution: {integrity: sha512-JDJP04Hg9Qru5Pth4gfBkXz9hZd/otx6ymi2VTuSKDFjpJIjk4tyUr9+BIE1ghFCHDzeJGVe7CDGdF/NTA1xrg==}
    engines: {node: '>= 10'}
    cpu: [ia32]
    os: [win32]
    requiresBuild: true
    dev: false
    optional: true

  /@napi-rs/image-win32-x64-msvc@1.9.2:
    resolution: {integrity: sha512-baRyTED6FkTsPliSOH7x8TV/cyAST9y6L1ClSgSCVEx7+W8MKKig90fF302kEa2PwMAyrXM3Ytq9KuIC7xJ+eA==}
    engines: {node: '>= 10'}
    cpu: [x64]
    os: [win32]
    requiresBuild: true
    dev: false
    optional: true

  /@napi-rs/image@1.9.2:
    resolution: {integrity: sha512-CvTC3XL5/BzHaVkJOZy31xOJLNSY3rBuUIQixaE/LwEQNSUdaxWa9gUyUkC9lUekkUp26CzaLLj2w7l7bxB1ag==}
    engines: {node: '>= 10'}
    optionalDependencies:
      '@napi-rs/image-android-arm64': 1.9.2
      '@napi-rs/image-darwin-arm64': 1.9.2
      '@napi-rs/image-darwin-x64': 1.9.2
      '@napi-rs/image-freebsd-x64': 1.9.2
      '@napi-rs/image-linux-arm-gnueabihf': 1.9.2
      '@napi-rs/image-linux-arm64-gnu': 1.9.2
      '@napi-rs/image-linux-arm64-musl': 1.9.2
      '@napi-rs/image-linux-x64-gnu': 1.9.2
      '@napi-rs/image-linux-x64-musl': 1.9.2
      '@napi-rs/image-wasm32-wasi': 1.9.2
      '@napi-rs/image-win32-ia32-msvc': 1.9.2
      '@napi-rs/image-win32-x64-msvc': 1.9.2
    dev: false

  /@napi-rs/wasm-runtime@0.2.3:
    resolution: {integrity: sha512-e4qmGDzXu2MYjj/XiKSgJ7XS7Z83MYVRN1yYaYXeQNVEO56zmshqmzFaELfdb612sLq/GmiPfRIwSji+bIlyCw==}
    requiresBuild: true
    dependencies:
      '@emnapi/core': 1.1.1
      '@emnapi/runtime': 1.1.1
      '@tybys/wasm-util': 0.8.3
    dev: false
    optional: true

  /@tybys/wasm-util@0.8.3:
    resolution: {integrity: sha512-Z96T/L6dUFFxgFJ+pQtkPpne9q7i6kIPYCFnQBHSgSPV9idTsKfIhCss0h5iM9irweZCatkrdeP8yi5uM1eX6Q==}
    requiresBuild: true
    dependencies:
      tslib: 2.6.2
    dev: false
    optional: true

  /tslib@2.6.2:
    resolution: {integrity: sha512-AEYxH93jGFPn/a2iVAwW87VuUIkR1FVUKB77NwMF7nBTDkDrrT/Hpt/IrCJ0QXhW27jTBDcf5ZY7w6RiqTMw2Q==}
    requiresBuild: true
    dev: false
    optional: true
